<?xml version="1.0" encoding="utf-8"?>
<Project ToolsVersion="14.0" xmlns="http://schemas.microsoft.com/developer/msbuild/2003">
  <ItemGroup>
    <Filter Include="Common">
      <UniqueIdentifier>582786f5-cc3c-46da-b090-c8c5b097fc21</UniqueIdentifier>
    </Filter>
    <Filter Include="Assets">
      <UniqueIdentifier>45b7476b-0893-4787-837c-a8972d1575a2</UniqueIdentifier>
      <Extensions>bmp;fbx;gif;jpg;jpeg;tga;tiff;tif;png</Extensions>
    </Filter>
    <Filter Include="ViewModels">
      <UniqueIdentifier>{a7e6fba6-7f35-49b5-842b-0361021bbbf7}</UniqueIdentifier>
    </Filter>
    <Filter Include="Views">
      <UniqueIdentifier>{0d798723-59f2-41c9-b794-0354c18751d6}</UniqueIdentifier>
    </Filter>
  </ItemGroup>
  <ItemGroup>
    <ApplicationDefinition Include="App.xaml" />
  </ItemGroup>
  <ItemGroup>
    <ClCompile Include="App.xaml.cpp" />
    <ClCompile Include="MainPage.xaml.cpp" />
    <ClCompile Include="BindableBase.cpp">
      <Filter>Common</Filter>
    </ClCompile>
    <ClCompile Include="BooleanToVisibilityConverter.cpp">
      <Filter>Common</Filter>
    </ClCompile>
    <ClCompile Include="ViewModelBase.cpp">
      <Filter>Common</Filter>
    </ClCompile>
    <ClCompile Include="MainViewModel.cpp">
      <Filter>ViewModels</Filter>
    </ClCompile>
    <ClCompile Include="pch.cpp">
      <Filter>Common</Filter>
    </ClCompile>
    <ClCompile Include="DelegateCommand.cpp">
      <Filter>Common</Filter>
    </ClCompile>
    <ClCompile Include="ViewModelLocator.cpp">
      <Filter>Common</Filter>
    </ClCompile>
  </ItemGroup>
  <ItemGroup>
    <ClInclude Include="App.xaml.h" />
    <ClInclude Include="MainPage.xaml.h" />
    <ClInclude Include="BindableBase.h">
      <Filter>Common</Filter>
    </ClInclude>
    <ClInclude Include="BooleanToVisibilityConverter.h">
      <Filter>Common</Filter>
    </ClInclude>
    <ClInclude Include="ViewModelBase.h">
      <Filter>Common</Filter>
    </ClInclude>
    <ClInclude Include="MainViewModel.h">
      <Filter>ViewModels</Filter>
    </ClInclude>
    <ClInclude Include="pch.h">
      <Filter>Common</Filter>
    </ClInclude>
    <ClInclude Include="DelegateCommand.h">
      <Filter>Common</Filter>
    </ClInclude>
    <ClInclude Include="ViewModelLocator.h">
      <Filter>Common</Filter>
    </ClInclude>
  </ItemGroup>
  <ItemGroup>
    <Image Include="Assets\LockScreenLogo.scale-200.png">
      <Filter>Assets</Filter>
    </Image>
    <Image Include="Assets\SplashScreen.scale-200.png">
      <Filter>Assets</Filter>
    </Image>
    <Image Include="Assets\Square150x150Logo.scale-200.png">
      <Filter>Assets</Filter>
    </Image>
    <Image Include="Assets\Square44x44Logo.scale-200.png">
      <Filter>Assets</Filter>
    </Image>
    <Image Include="Assets\Square44x44Logo.targetsize-24_altform-unplated.png">
      <Filter>Assets</Filter>
    </Image>
    <Image Include="Assets\StoreLogo.png">
      <Filter>Assets</Filter>
    </Image>
    <Image Include="Assets\Wide310x150Logo.scale-200.png">
      <Filter>Assets</Filter>
    </Image>
  </ItemGroup>
  <ItemGroup>
    <AppxManifest Include="Package.appxmanifest" />
  </ItemGroup>
  <ItemGroup>
    <None Include="MvvmCpp_TemporaryKey.pfx" />
  </ItemGroup>
  <ItemGroup>
    <Page Include="MainPage.xaml">
      <Filter>Views</Filter>
    </Page>
  </ItemGroup>
</Project>